// !$*UTF8*$!
{
	archiveVersion = 1;
	classes = {
	};
	objectVersion = 56;
	objects = {

/* Begin PBXBuildFile section */
		7D885E6B29F70E8600A9E9BC /* tryMeNotApp.swift in Sources */ = {isa = PBXBuildFile; fileRef = 7D885E6A29F70E8600A9E9BC /* tryMeNotApp.swift */; };
		7D885E6D29F70E8600A9E9BC /* ContentView.swift in Sources */ = {isa = PBXBuildFile; fileRef = 7D885E6C29F70E8600A9E9BC /* ContentView.swift */; };
		7D885E6F29F70E8800A9E9BC /* Assets.xcassets in Resources */ = {isa = PBXBuildFile; fileRef = 7D885E6E29F70E8800A9E9BC /* Assets.xcassets */; };
		7D885E7229F70E8800A9E9BC /* Preview Assets.xcassets in Resources */ = {isa = PBXBuildFile; fileRef = 7D885E7129F70E8800A9E9BC /* Preview Assets.xcassets */; };
		7D885E7C29F70E8800A9E9BC /* tryMeNotTests.swift in Sources */ = {isa = PBXBuildFile; fileRef = 7D885E7B29F70E8800A9E9BC /* tryMeNotTests.swift */; };
		7D885E8629F70E8800A9E9BC /* tryMeNotUITests.swift in Sources */ = {isa = PBXBuildFile; fileRef = 7D885E8529F70E8800A9E9BC /* tryMeNotUITests.swift */; };
		7D885E8829F70E8800A9E9BC /* tryMeNotUITestsLaunchTests.swift in Sources */ = {isa = PBXBuildFile; fileRef = 7D885E8729F70E8800A9E9BC /* tryMeNotUITestsLaunchTests.swift */; };
		7D885E9929F7131D00A9E9BC /* AppDelegate.swift in Sources */ = {isa = PBXBuildFile; fileRef = 7D885E9829F7131D00A9E9BC /* AppDelegate.swift */; };
/* End PBXBuildFile section */

/* Begin PBXContainerItemProxy section */
		7D885E7829F70E8800A9E9BC /* PBXContainerItemProxy */ = {
			isa = PBXContainerItemProxy;
			containerPortal = 7D885E5F29F70E8600A9E9BC /* Project object */;
			proxyType = 1;
			remoteGlobalIDString = 7D885E6629F70E8600A9E9BC;
			remoteInfo = tryMeNot;
		};
		7D885E8229F70E8800A9E9BC /* PBXContainerItemProxy */ = {
			isa = PBXContainerItemProxy;
			containerPortal = 7D885E5F29F70E8600A9E9BC /* Project object */;
			proxyType = 1;
			remoteGlobalIDString = 7D885E6629F70E8600A9E9BC;
			remoteInfo = tryMeNot;
		};
/* End PBXContainerItemProxy section */

/* Begin PBXFileReference section */
		7D885E6729F70E8600A9E9BC /* tryMeNot.app */ = {isa = PBXFileReference; explicitFileType = wrapper.application; includeInIndex = 0; path = tryMeNot.app; sourceTree = BUILT_PRODUCTS_DIR; };
		7D885E6A29F70E8600A9E9BC /* tryMeNotApp.swift */ = {isa = PBXFileReference; lastKnownFileType = sourcecode.swift; path = tryMeNotApp.swift; sourceTree = "<group>"; };
		7D885E6C29F70E8600A9E9BC /* ContentView.swift */ = {isa = PBXFileReference; lastKnownFileType = sourcecode.swift; path = ContentView.swift; sourceTree = "<group>"; };
		7D885E6E29F70E8800A9E9BC /* Assets.xcassets */ = {isa = PBXFileReference; lastKnownFileType = folder.assetcatalog; path = Assets.xcassets; sourceTree = "<group>"; };
		7D885E7129F70E8800A9E9BC /* Preview Assets.xcassets */ = {isa = PBXFileReference; lastKnownFileType = folder.assetcatalog; path = "Preview Assets.xcassets"; sourceTree = "<group>"; };
		7D885E7729F70E8800A9E9BC /* tryMeNotTests.xctest */ = {isa = PBXFileReference; explicitFileType = wrapper.cfbundle; includeInIndex = 0; path = tryMeNotTests.xctest; sourceTree = BUILT_PRODUCTS_DIR; };
		7D885E7B29F70E8800A9E9BC /* tryMeNotTests.swift */ = {isa = PBXFileReference; lastKnownFileType = sourcecode.swift; path = tryMeNotTests.swift; sourceTree = "<group>"; };
		7D885E8129F70E8800A9E9BC /* tryMeNotUITests.xctest */ = {isa = PBXFileReference; explicitFileType = wrapper.cfbundle; includeInIndex = 0; path = tryMeNotUITests.xctest; sourceTree = BUILT_PRODUCTS_DIR; };
		7D885E8529F70E8800A9E9BC /* tryMeNotUITests.swift */ = {isa = PBXFileReference; lastKnownFileType = sourcecode.swift; path = tryMeNotUITests.swift; sourceTree = "<group>"; };
		7D885E8729F70E8800A9E9BC /* tryMeNotUITestsLaunchTests.swift */ = {isa = PBXFileReference; lastKnownFileType = sourcecode.swift; path = tryMeNotUITestsLaunchTests.swift; sourceTree = "<group>"; };
		7D885E9829F7131D00A9E9BC /* AppDelegate.swift */ = {isa = PBXFileReference; lastKnownFileType = sourcecode.swift; path = AppDelegate.swift; sourceTree = "<group>"; };
/* End PBXFileReference section */

/* Begin PBXFrameworksBuildPhase section */
		7D885E6429F70E8600A9E9BC /* Frameworks */ = {
			isa = PBXFrameworksBuildPhase;
			buildActionMask = 2147483647;
			files = (
			);
			runOnlyForDeploymentPostprocessing = 0;
		};
		7D885E7429F70E8800A9E9BC /* Frameworks */ = {
			isa = PBXFrameworksBuildPhase;
			buildActionMask = 2147483647;
			files = (
			);
			runOnlyForDeploymentPostprocessing = 0;
		};
		7D885E7E29F70E8800A9E9BC /* Frameworks */ = {
			isa = PBXFrameworksBuildPhase;
			buildActionMask = 2147483647;
			files = (
			);
			runOnlyForDeploymentPostprocessing = 0;
		};
/* End PBXFrameworksBuildPhase section */

/* Begin PBXGroup section */
		7D885E5E29F70E8600A9E9BC = {
			isa = PBXGroup;
			children = (
				7D885E6929F70E8600A9E9BC /* tryMeNot */,
				7D885E7A29F70E8800A9E9BC /* tryMeNotTests */,
				7D885E8429F70E8800A9E9BC /* tryMeNotUITests */,
				7D885E6829F70E8600A9E9BC /* Products */,
			);
			sourceTree = "<group>";
		};
		7D885E6829F70E8600A9E9BC /* Products */ = {
			isa = PBXGroup;
			children = (
				7D885E6729F70E8600A9E9BC /* tryMeNot.app */,
				7D885E7729F70E8800A9E9BC /* tryMeNotTests.xctest */,
				7D885E8129F70E8800A9E9BC /* tryMeNotUITests.xctest */,
			);
			name = Products;
			sourceTree = "<group>";
		};
		7D885E6929F70E8600A9E9BC /* tryMeNot */ = {
			isa = PBXGroup;
			children = (
				7D885E6A29F70E8600A9E9BC /* tryMeNotApp.swift */,
				7D885E9829F7131D00A9E9BC /* AppDelegate.swift */,
				7D885E6C29F70E8600A9E9BC /* ContentView.swift */,
				7D885E6E29F70E8800A9E9BC /* Assets.xcassets */,
				7D885E7029F70E8800A9E9BC /* Preview Content */,
			);
			path = tryMeNot;
			sourceTree = "<group>";
		};
		7D885E7029F70E8800A9E9BC /* Preview Content */ = {
			isa = PBXGroup;
			children = (
				7D885E7129F70E8800A9E9BC /* Preview Assets.xcassets */,
			);
			path = "Preview Content";
			sourceTree = "<group>";
		};
		7D885E7A29F70E8800A9E9BC /* tryMeNotTests */ = {
			isa = PBXGroup;
			children = (
				7D885E7B29F70E8800A9E9BC /* tryMeNotTests.swift */,
			);
			path = tryMeNotTests;
			sourceTree = "<group>";
		};
		7D885E8429F70E8800A9E9BC /* tryMeNotUITests */ = {
			isa = PBXGroup;
			children = (
				7D885E8529F70E8800A9E9BC /* tryMeNotUITests.swift */,
				7D885E8729F70E8800A9E9BC /* tryMeNotUITestsLaunchTests.swift */,
			);
			path = tryMeNotUITests;
			sourceTree = "<group>";
		};
/* End PBXGroup section */

/* Begin PBXNativeTarget section */
		7D885E6629F70E8600A9E9BC /* tryMeNot */ = {
			isa = PBXNativeTarget;
			buildConfigurationList = 7D885E8B29F70E8800A9E9BC /* Build configuration list for PBXNativeTarget "tryMeNot" */;
			buildPhases = (
				7D885E6329F70E8600A9E9BC /* Sources */,
				7D885E6429F70E8600A9E9BC /* Frameworks */,
				7D885E6529F70E8600A9E9BC /* Resources */,
			);
			buildRules = (
			);
			dependencies = (
			);
			name = tryMeNot;
			productName = tryMeNot;
			productReference = 7D885E6729F70E8600A9E9BC /* tryMeNot.app */;
			productType = "com.apple.product-type.application";
		};
		7D885E7629F70E8800A9E9BC /* tryMeNotTests */ = {
			isa = PBXNativeTarget;
			buildConfigurationList = 7D885E8E29F70E8800A9E9BC /* Build configuration list for PBXNativeTarget "tryMeNotTests" */;
			buildPhases = (
				7D885E7329F70E8800A9E9BC /* Sources */,
				7D885E7429F70E8800A9E9BC /* Frameworks */,
				7D885E7529F70E8800A9E9BC /* Resources */,
			);
			buildRules = (
			);
			dependencies = (
				7D885E7929F70E8800A9E9BC /* PBXTargetDependency */,
			);
			name = tryMeNotTests;
			productName = tryMeNotTests;
			productReference = 7D885E7729F70E8800A9E9BC /* tryMeNotTests.xctest */;
			productType = "com.apple.product-type.bundle.unit-test";
		};
		7D885E8029F70E8800A9E9BC /* tryMeNotUITests */ = {
			isa = PBXNativeTarget;
			buildConfigurationList = 7D885E9129F70E8800A9E9BC /* Build configuration list for PBXNativeTarget "tryMeNotUITests" */;
			buildPhases = (
				7D885E7D29F70E8800A9E9BC /* Sources */,
				7D885E7E29F70E8800A9E9BC /* Frameworks */,
				7D885E7F29F70E8800A9E9BC /* Resources */,
			);
			buildRules = (
			);
			dependencies = (
				7D885E8329F70E8800A9E9BC /* PBXTargetDependency */,
			);
			name = tryMeNotUITests;
			productName = tryMeNotUITests;
			productReference = 7D885E8129F70E8800A9E9BC /* tryMeNotUITests.xctest */;
			productType = "com.apple.product-type.bundle.ui-testing";
		};
/* End PBXNativeTarget section */

/* Begin PBXProject section */
		7D885E5F29F70E8600A9E9BC /* Project object */ = {
			isa = PBXProject;
			attributes = {
				BuildIndependentTargetsInParallel = 1;
				LastSwiftUpdateCheck = 1430;
				LastUpgradeCheck = 1430;
				TargetAttributes = {
					7D885E6629F70E8600A9E9BC = {
						CreatedOnToolsVersion = 14.3;
					};
					7D885E7629F70E8800A9E9BC = {
						CreatedOnToolsVersion = 14.3;
						TestTargetID = 7D885E6629F70E8600A9E9BC;
					};
					7D885E8029F70E8800A9E9BC = {
						CreatedOnToolsVersion = 14.3;
						TestTargetID = 7D885E6629F70E8600A9E9BC;
					};
				};
			};
			buildConfigurationList = 7D885E6229F70E8600A9E9BC /* Build configuration list for PBXProject "tryMeNot" */;
			compatibilityVersion = "Xcode 14.0";
			developmentRegion = en;
			hasScannedForEncodings = 0;
			knownRegions = (
				en,
				Base,
			);
			mainGroup = 7D885E5E29F70E8600A9E9BC;
			productRefGroup = 7D885E6829F70E8600A9E9BC /* Products */;
			projectDirPath = "";
			projectRoot = "";
			targets = (
				7D885E6629F70E8600A9E9BC /* tryMeNot */,
				7D885E7629F70E8800A9E9BC /* tryMeNotTests */,
				7D885E8029F70E8800A9E9BC /* tryMeNotUITests */,
			);
		};
/* End PBXProject section */

/* Begin PBXResourcesBuildPhase section */
		7D885E6529F70E8600A9E9BC /* Resources */ = {
			isa = PBXResourcesBuildPhase;
			buildActionMask = 2147483647;
			files = (
				7D885E7229F70E8800A9E9BC /* Preview Assets.xcassets in Resources */,
				7D885E6F29F70E8800A9E9BC /* Assets.xcassets in Resources */,
			);
			runOnlyForDeploymentPostprocessing = 0;
		};
		7D885E7529F70E8800A9E9BC /* Resources */ = {
			isa = PBXResourcesBuildPhase;
			buildActionMask = 2147483647;
			files = (
			);
			runOnlyForDeploymentPostprocessing = 0;
		};
		7D885E7F29F70E8800A9E9BC /* Resources */ = {
			isa = PBXResourcesBuildPhase;
			buildActionMask = 2147483647;
			files = (
			);
			runOnlyForDeploymentPostprocessing = 0;
		};
/* End PBXResourcesBuildPhase section */

/* Begin PBXSourcesBuildPhase section */
		7D885E6329F70E8600A9E9BC /* Sources */ = {
			isa = PBXSourcesBuildPhase;
			buildActionMask = 2147483647;
			files = (
				7D885E6D29F70E8600A9E9BC /* ContentView.swift in Sources */,
				7D885E6B29F70E8600A9E9BC /* tryMeNotApp.swift in Sources */,
			);
			runOnlyForDeploymentPostprocessing = 0;
		};
		7D885E7329F70E8800A9E9BC /* Sources */ = {
			isa = PBXSourcesBuildPhase;
			buildActionMask = 2147483647;
			files = (
				7D885E9929F7131D00A9E9BC /* AppDelegate.swift in Sources */,
				7D885E7C29F70E8800A9E9BC /* tryMeNotTests.swift in Sources */,
			);
			runOnlyForDeploymentPostprocessing = 0;
		};
		7D885E7D29F70E8800A9E9BC /* Sources */ = {
			isa = PBXSourcesBuildPhase;
			buildActionMask = 2147483647;
			files = (
				7D885E8829F70E8800A9E9BC /* tryMeNotUITestsLaunchTests.swift in Sources */,
				7D885E8629F70E8800A9E9BC /* tryMeNotUITests.swift in Sources */,
			);
			runOnlyForDeploymentPostprocessing = 0;
		};
/* End PBXSourcesBuildPhase section */

/* Begin PBXTargetDependency section */
		7D885E7929F70E8800A9E9BC /* PBXTargetDependency */ = {
			isa = PBXTargetDependency;
			target = 7D885E6629F70E8600A9E9BC /* tryMeNot */;
			targetProxy = 7D885E7829F70E8800A9E9BC /* PBXContainerItemProxy */;
		};
		7D885E8329F70E8800A9E9BC /* PBXTargetDependency */ = {
			isa = PBXTargetDependency;
			target = 7D885E6629F70E8600A9E9BC /* tryMeNot */;
			targetProxy = 7D885E8229F70E8800A9E9BC /* PBXContainerItemProxy */;
		};
/* End PBXTargetDependency section */

/* Begin XCBuildConfiguration section */
		7D885E8929F70E8800A9E9BC /* Debug */ = {
			isa = XCBuildConfiguration;
			buildSettings = {
				ALWAYS_SEARCH_USER_PATHS = NO;
				CLANG_ANALYZER_NONNULL = YES;
				CLANG_ANALYZER_NUMBER_OBJECT_CONVERSION = YES_AGGRESSIVE;
				CLANG_CXX_LANGUAGE_STANDARD = "gnu++20";
				CLANG_ENABLE_MODULES = YES;
				CLANG_ENABLE_OBJC_ARC = YES;
				CLANG_ENABLE_OBJC_WEAK = YES;
				CLANG_WARN_BLOCK_CAPTURE_AUTORELEASING = YES;
				CLANG_WARN_BOOL_CONVERSION = YES;
				CLANG_WARN_COMMA = YES;
				CLANG_WARN_CONSTANT_CONVERSION = YES;
				CLANG_WARN_DEPRECATED_OBJC_IMPLEMENTATIONS = YES;
				CLANG_WARN_DIRECT_OBJC_ISA_USAGE = YES_ERROR;
				CLANG_WARN_DOCUMENTATION_COMMENTS = YES;
				CLANG_WARN_EMPTY_BODY = YES;
				CLANG_WARN_ENUM_CONVERSION = YES;
				CLANG_WARN_INFINITE_RECURSION = YES;
				CLANG_WARN_INT_CONVERSION = YES;
				CLANG_WARN_NON_LITERAL_NULL_CONVERSION = YES;
				CLANG_WARN_OBJC_IMPLICIT_RETAIN_SELF = YES;
				CLANG_WARN_OBJC_LITERAL_CONVERSION = YES;
				CLANG_WARN_OBJC_ROOT_CLASS = YES_ERROR;
				CLANG_WARN_QUOTED_INCLUDE_IN_FRAMEWORK_HEADER = YES;
				CLANG_WARN_RANGE_LOOP_ANALYSIS = YES;
				CLANG_WARN_STRICT_PROTOTYPES = YES;
				CLANG_WARN_SUSPICIOUS_MOVE = YES;
				CLANG_WARN_UNGUARDED_AVAILABILITY = YES_AGGRESSIVE;
				CLANG_WARN_UNREACHABLE_CODE = YES;
				CLANG_WARN__DUPLICATE_METHOD_MATCH = YES;
				COPY_PHASE_STRIP = NO;
				DEBUG_INFORMATION_FORMAT = dwarf;
				ENABLE_STRICT_OBJC_MSGSEND = YES;
				ENABLE_TESTABILITY = YES;
				GCC_C_LANGUAGE_STANDARD = gnu11;
				GCC_DYNAMIC_NO_PIC = NO;
				GCC_NO_COMMON_BLOCKS = YES;
				GCC_OPTIMIZATION_LEVEL = 0;
				GCC_PREPROCESSOR_DEFINITIONS = (
					"DEBUG=1",
					"$(inherited)",
				);
				GCC_WARN_64_TO_32_BIT_CONVERSION = YES;
				GCC_WARN_ABOUT_RETURN_TYPE = YES_ERROR;
				GCC_WARN_UNDECLARED_SELECTOR = YES;
				GCC_WARN_UNINITIALIZED_AUTOS = YES_AGGRESSIVE;
				GCC_WARN_UNUSED_FUNCTION = YES;
				GCC_WARN_UNUSED_VARIABLE = YES;
				IPHONEOS_DEPLOYMENT_TARGET = 16.4;
				MTL_ENABLE_DEBUG_INFO = INCLUDE_SOURCE;
				MTL_FAST_MATH = YES;
				ONLY_ACTIVE_ARCH = YES;
				SDKROOT = iphoneos;
				SWIFT_ACTIVE_COMPILATION_CONDITIONS = DEBUG;
				SWIFT_OPTIMIZATION_LEVEL = "-Onone";
			};
			name = Debug;
		};
		7D885E8A29F70E8800A9E9BC /* Release */ = {
			isa = XCBuildConfiguration;
			buildSettings = {
				ALWAYS_SEARCH_USER_PATHS = NO;
				CLANG_ANALYZER_NONNULL = YES;
				CLANG_ANALYZER_NUMBER_OBJECT_CONVERSION = YES_AGGRESSIVE;
				CLANG_CXX_LANGUAGE_STANDARD = "gnu++20";
				CLANG_ENABLE_MODULES = YES;
				CLANG_ENABLE_OBJC_ARC = YES;
				CLANG_ENABLE_OBJC_WEAK = YES;
				CLANG_WARN_BLOCK_CAPTURE_AUTORELEASING = YES;
				CLANG_WARN_BOOL_CONVERSION = YES;
				CLANG_WARN_COMMA = YES;
				CLANG_WARN_CONSTANT_CONVERSION = YES;
				CLANG_WARN_DEPRECATED_OBJC_IMPLEMENTATIONS = YES;
				CLANG_WARN_DIRECT_OBJC_ISA_USAGE = YES_ERROR;
				CLANG_WARN_DOCUMENTATION_COMMENTS = YES;
				CLANG_WARN_EMPTY_BODY = YES;
				CLANG_WARN_ENUM_CONVERSION = YES;
				CLANG_WARN_INFINITE_RECURSION = YES;
				CLANG_WARN_INT_CONVERSION = YES;
				CLANG_WARN_NON_LITERAL_NULL_CONVERSION = YES;
				CLANG_WARN_OBJC_IMPLICIT_RETAIN_SELF = YES;
				CLANG_WARN_OBJC_LITERAL_CONVERSION = YES;
				CLANG_WARN_OBJC_ROOT_CLASS = YES_ERROR;
				CLANG_WARN_QUOTED_INCLUDE_IN_FRAMEWORK_HEADER = YES;
				CLANG_WARN_RANGE_LOOP_ANALYSIS = YES;
				CLANG_WARN_STRICT_PROTOTYPES = YES;
				CLANG_WARN_SUSPICIOUS_MOVE = YES;
				CLANG_WARN_UNGUARDED_AVAILABILITY = YES_AGGRESSIVE;
				CLANG_WARN_UNREACHABLE_CODE = YES;
				CLANG_WARN__DUPLICATE_METHOD_MATCH = YES;
				COPY_PHASE_STRIP = NO;
				DEBUG_INFORMATION_FORMAT = "dwarf-with-dsym";
				ENABLE_NS_ASSERTIONS = NO;
				ENABLE_STRICT_OBJC_MSGSEND = YES;
				GCC_C_LANGUAGE_STANDARD = gnu11;
				GCC_NO_COMMON_BLOCKS = YES;
				GCC_WARN_64_TO_32_BIT_CONVERSION = YES;
				GCC_WARN_ABOUT_RETURN_TYPE = YES_ERROR;
				GCC_WARN_UNDECLARED_SELECTOR = YES;
				GCC_WARN_UNINITIALIZED_AUTOS = YES_AGGRESSIVE;
				GCC_WARN_UNUSED_FUNCTION = YES;
				GCC_WARN_UNUSED_VARIABLE = YES;
				IPHONEOS_DEPLOYMENT_TARGET = 16.4;
				MTL_ENABLE_DEBUG_INFO = NO;
				MTL_FAST_MATH = YES;
				SDKROOT = iphoneos;
				SWIFT_COMPILATION_MODE = wholemodule;
				SWIFT_OPTIMIZATION_LEVEL = "-O";
				VALIDATE_PRODUCT = YES;
			};
			name = Release;
		};
		7D885E8C29F70E8800A9E9BC /* Debug */ = {
			isa = XCBuildConfiguration;
			buildSettings = {
				ASSETCATALOG_COMPILER_APPICON_NAME = AppIcon;
				ASSETCATALOG_COMPILER_GLOBAL_ACCENT_COLOR_NAME = AccentColor;
				CODE_SIGN_STYLE = Automatic;
				CURRENT_PROJECT_VERSION = 1;
				DEVELOPMENT_ASSET_PATHS = "\"tryMeNot/Preview Content\"";
				ENABLE_PREVIEWS = YES;
				GENERATE_INFOPLIST_FILE = YES;
				INFOPLIST_KEY_UIApplicationSceneManifest_Generation = YES;
				INFOPLIST_KEY_UIApplicationSupportsIndirectInputEvents = YES;
				INFOPLIST_KEY_UILaunchScreen_Generation = YES;
				INFOPLIST_KEY_UISupportedInterfaceOrientations_iPad = "UIInterfaceOrientationPortrait UIInterfaceOrientationPortraitUpsideDown UIInterfaceOrientationLandscapeLeft UIInterfaceOrientationLandscapeRight";
				INFOPLIST_KEY_UISupportedInterfaceOrientations_iPhone = "UIInterfaceOrientationPortrait UIInterfaceOrientationLandscapeLeft UIInterfaceOrientationLandscapeRight";
				LD_RUNPATH_SEARCH_PATHS = (
					"$(inherited)",
					"@executable_path/Frameworks",
				);
				MARKETING_VERSION = 1.0;
				PRODUCT_BUNDLE_IDENTIFIER = tioLalo.tryMeNot;
				PRODUCT_NAME = "$(TARGET_NAME)";
				SWIFT_EMIT_LOC_STRINGS = YES;
				SWIFT_VERSION = 5.0;
				TARGETED_DEVICE_FAMILY = "1,2";
			};
			name = Debug;
		};
		7D885E8D29F70E8800A9E9BC /* Release */ = {
			isa = XCBuildConfiguration;
			buildSettings = {
				ASSETCATALOG_COMPILER_APPICON_NAME = AppIcon;
				ASSETCATALOG_COMPILER_GLOBAL_ACCENT_COLOR_NAME = AccentColor;
				CODE_SIGN_STYLE = Automatic;
				CURRENT_PROJECT_VERSION = 1;
				DEVELOPMENT_ASSET_PATHS = "\"tryMeNot/Preview Content\"";
				ENABLE_PREVIEWS = YES;
				GENERATE_INFOPLIST_FILE = YES;
				INFOPLIST_KEY_UIApplicationSceneManifest_Generation = YES;
				INFOPLIST_KEY_UIApplicationSupportsIndirectInputEvents = YES;
				INFOPLIST_KEY_UILaunchScreen_Generation = YES;
				INFOPLIST_KEY_UISupportedInterfaceOrientations_iPad = "UIInterfaceOrientationPortrait UIInterfaceOrientationPortraitUpsideDown UIInterfaceOrientationLandscapeLeft UIInterfaceOrientationLandscapeRight";
				INFOPLIST_KEY_UISupportedInterfaceOrientations_iPhone = "UIInterfaceOrientationPortrait UIInterfaceOrientationLandscapeLeft UIInterfaceOrientationLandscapeRight";
				LD_RUNPATH_SEARCH_PATHS = (
					"$(inherited)",
					"@executable_path/Frameworks",
				);
				MARKETING_VERSION = 1.0;
				PRODUCT_BUNDLE_IDENTIFIER = tioLalo.tryMeNot;
				PRODUCT_NAME = "$(TARGET_NAME)";
				SWIFT_EMIT_LOC_STRINGS = YES;
				SWIFT_VERSION = 5.0;
				TARGETED_DEVICE_FAMILY = "1,2";
			};
			name = Release;
		};
		7D885E8F29F70E8800A9E9BC /* Debug */ = {
			isa = XCBuildConfiguration;
			buildSettings = {
				ALWAYS_EMBED_SWIFT_STANDARD_LIBRARIES = YES;
				BUNDLE_LOADER = "$(TEST_HOST)";
				CODE_SIGN_STYLE = Automatic;
				CURRENT_PROJECT_VERSION = 1;
				GENERATE_INFOPLIST_FILE = YES;
				IPHONEOS_DEPLOYMENT_TARGET = 16.4;
				MARKETING_VERSION = 1.0;
				PRODUCT_BUNDLE_IDENTIFIER = tioLalo.tryMeNotTests;
				PRODUCT_NAME = "$(TARGET_NAME)";
				SWIFT_EMIT_LOC_STRINGS = NO;
				SWIFT_VERSION = 5.0;
				TARGETED_DEVICE_FAMILY = "1,2";
				TEST_HOST = "$(BUILT_PRODUCTS_DIR)/tryMeNot.app/$(BUNDLE_EXECUTABLE_FOLDER_PATH)/tryMeNot";
			};
			name = Debug;
		};
		7D885E9029F70E8800A9E9BC /* Release */ = {
			isa = XCBuildConfiguration;
			buildSettings = {
				ALWAYS_EMBED_SWIFT_STANDARD_LIBRARIES = YES;
				BUNDLE_LOADER = "$(TEST_HOST)";
				CODE_SIGN_STYLE = Automatic;
				CURRENT_PROJECT_VERSION = 1;
				GENERATE_INFOPLIST_FILE = YES;
				IPHONEOS_DEPLOYMENT_TARGET = 16.4;
				MARKETING_VERSION = 1.0;
				PRODUCT_BUNDLE_IDENTIFIER = tioLalo.tryMeNotTests;
				PRODUCT_NAME = "$(TARGET_NAME)";
				SWIFT_EMIT_LOC_STRINGS = NO;
				SWIFT_VERSION = 5.0;
				TARGETED_DEVICE_FAMILY = "1,2";
				TEST_HOST = "$(BUILT_PRODUCTS_DIR)/tryMeNot.app/$(BUNDLE_EXECUTABLE_FOLDER_PATH)/tryMeNot";
			};
			name = Release;
		};
		7D885E9229F70E8800A9E9BC /* Debug */ = {
			isa = XCBuildConfiguration;
			buildSettings = {
				ALWAYS_EMBED_SWIFT_STANDARD_LIBRARIES = YES;
				CODE_SIGN_STYLE = Automatic;
				CURRENT_PROJECT_VERSION = 1;
				GENERATE_INFOPLIST_FILE = YES;
				MARKETING_VERSION = 1.0;
				PRODUCT_BUNDLE_IDENTIFIER = tioLalo.tryMeNotUITests;
				PRODUCT_NAME = "$(TARGET_NAME)";
				SWIFT_EMIT_LOC_STRINGS = NO;
				SWIFT_VERSION = 5.0;
				TARGETED_DEVICE_FAMILY = "1,2";
				TEST_TARGET_NAME = tryMeNot;
			};
			name = Debug;
		};
		7D885E9329F70E8800A9E9BC /* Release */ = {
			isa = XCBuildConfiguration;
			buildSettings = {
				ALWAYS_EMBED_SWIFT_STANDARD_LIBRARIES = YES;
				CODE_SIGN_STYLE = Automatic;
				CURRENT_PROJECT_VERSION = 1;
				GENERATE_INFOPLIST_FILE = YES;
				MARKETING_VERSION = 1.0;
				PRODUCT_BUNDLE_IDENTIFIER = tioLalo.tryMeNotUITests;
				PRODUCT_NAME = "$(TARGET_NAME)";
				SWIFT_EMIT_LOC_STRINGS = NO;
				SWIFT_VERSION = 5.0;
				TARGETED_DEVICE_FAMILY = "1,2";
				TEST_TARGET_NAME = tryMeNot;
			};
			name = Release;
		};
/* End XCBuildConfiguration section */

/* Begin XCConfigurationList section */
		7D885E6229F70E8600A9E9BC /* Build configuration list for PBXProject "tryMeNot" */ = {
			isa = XCConfigurationList;
			buildConfigurations = (
				7D885E8929F70E8800A9E9BC /* Debug */,
				7D885E8A29F70E8800A9E9BC /* Release */,
			);
			defaultConfigurationIsVisible = 0;
			defaultConfigurationName = Release;
		};
		7D885E8B29F70E8800A9E9BC /* Build configuration list for PBXNativeTarget "tryMeNot" */ = {
			isa = XCConfigurationList;
			buildConfigurations = (
				7D885E8C29F70E8800A9E9BC /* Debug */,
				7D885E8D29F70E8800A9E9BC /* Release */,
			);
			defaultConfigurationIsVisible = 0;
			defaultConfigurationName = Release;
		};
		7D885E8E29F70E8800A9E9BC /* Build configuration list for PBXNativeTarget "tryMeNotTests" */ = {
			isa = XCConfigurationList;
			buildConfigurations = (
				7D885E8F29F70E8800A9E9BC /* Debug */,
				7D885E9029F70E8800A9E9BC /* Release */,
			);
			defaultConfigurationIsVisible = 0;
			defaultConfigurationName = Release;
		};
		7D885E9129F70E8800A9E9BC /* Build configuration list for PBXNativeTarget "tryMeNotUITests" */ = {
			isa = XCConfigurationList;
			buildConfigurations = (
				7D885E9229F70E8800A9E9BC /* Debug */,
				7D885E9329F70E8800A9E9BC /* Release */,
			);
			defaultConfigurationIsVisible = 0;
			defaultConfigurationName = Release;
		};
/* End XCConfigurationList section */
	};
	rootObject = 7D885E5F29F70E8600A9E9BC /* Project object */;
}
